
Microsoft Visual Studio Solution File, Format Version 12.00
# Visual Studio Version 16
VisualStudioVersion = 16.0.29905.134
MinimumVisualStudioVersion = 10.0.40219.1
Project("{FAE04EC0-301F-11D3-BF4B-00C04F79EFBC}") = "ExportsReporter", "ExportsReporter\ExportsReporter.csproj", "{74526727-0322-428B-A5F6-D0A3495C8572}"
EndProject
Project("{FAE04EC0-301F-11D3-BF4B-00C04F79EFBC}") = "ExportsReporterDataAccess", "ExportsReporterDataAccess\ExportsReporterDataAccess.csproj", "{748441F2-217D-4668-94D5-B10EBB0DC8B8}"
EndProject
Global
	GlobalSection(SolutionConfigurationPlatforms) = preSolution
		Debug|Any CPU = Debug|Any CPU
		Release|Any CPU = Release|Any CPU
	EndGlobalSection
	GlobalSection(ProjectConfigurationPlatforms) = postSolution
		{74526727-0322-428B-A5F6-D0A3495C8572}.Debug|Any CPU.ActiveCfg = Debug|Any CPU
		{74526727-0322-428B-A5F6-D0A3495C8572}.Debug|Any CPU.Build.0 = Debug|Any CPU
		{74526727-0322-428B-A5F6-D0A3495C8572}.Release|Any CPU.ActiveCfg = Release|Any CPU
		{74526727-0322-428B-A5F6-D0A3495C8572}.Release|Any CPU.Build.0 = Release|Any CPU
		{748441F2-217D-4668-94D5-B10EBB0DC8B8}.Debug|Any CPU.ActiveCfg = Debug|Any CPU
		{748441F2-217D-4668-94D5-B10EBB0DC8B8}.Debug|Any CPU.Build.0 = Debug|Any CPU
		{748441F2-217D-4668-94D5-B10EBB0DC8B8}.Release|Any CPU.ActiveCfg = Release|Any CPU
		{748441F2-217D-4668-94D5-B10EBB0DC8B8}.Release|Any CPU.Build.0 = Release|Any CPU
	EndGlobalSection
	GlobalSection(SolutionProperties) = preSolution
		HideSolutionNode = FALSE
	EndGlobalSection
	GlobalSection(ExtensibilityGlobals) = postSolution
		SolutionGuid = {0E4680A7-B9BD-4AAE-9799-4044B1FF54F7}
	EndGlobalSection
EndGlobal
